<?xml version="1.0" encoding="utf-8"?>
<Project ToolsVersion="4.0" xmlns="http://schemas.microsoft.com/developer/msbuild/2003">
  <ItemGroup>
    <Filter Include="Исходные файлы">
      <UniqueIdentifier>{4FC737F1-C7A5-4376-A066-2A32D752A2FF}</UniqueIdentifier>
      <Extensions>cpp;c;cc;cxx;c++;cppm;ixx;def;odl;idl;hpj;bat;asm;asmx</Extensions>
    </Filter>
    <Filter Include="Файлы заголовков">
      <UniqueIdentifier>{93995380-89BD-4b04-88EB-625FBE52EBFB}</UniqueIdentifier>
      <Extensions>h;hh;hpp;hxx;h++;hm;inl;inc;ipp;xsd</Extensions>
    </Filter>
    <Filter Include="Файлы ресурсов">
      <UniqueIdentifier>{67DA6AB6-F800-4c08-8B7A-83BB121AAD01}</UniqueIdentifier>
      <Extensions>rc;ico;cur;bmp;dlg;rc2;rct;bin;rgs;gif;jpg;jpeg;jpe;resx;tiff;tif;png;wav;mfcribbon-ms</Extensions>
    </Filter>
  </ItemGroup>
  <ItemGroup>
    <ClCompile Include="source\core\Core.cpp">
      <Filter>Исходные файлы</Filter>
    </ClCompile>
    <ClCompile Include="source\core\Core_loader.cpp">
      <Filter>Исходные файлы</Filter>
    </ClCompile>
    <ClCompile Include="source\core\pch.cpp">
      <Filter>Исходные файлы</Filter>
    </ClCompile>
    <ClCompile Include="source\core\main.cpp">
      <Filter>Исходные файлы</Filter>
    </ClCompile>
    <ClCompile Include="source\core\math\models noice\Noice_Simplex.cpp">
      <Filter>Исходные файлы</Filter>
    </ClCompile>
    <ClCompile Include="source\core\math\models noice\Noice_Perlin.cpp">
      <Filter>Исходные файлы</Filter>
    </ClCompile>
    <ClCompile Include="source\core\math\mymath.cpp">
      <Filter>Исходные файлы</Filter>
    </ClCompile>
    <ClCompile Include="source\states\State.cpp">
      <Filter>Исходные файлы</Filter>
    </ClCompile>
    <ClCompile Include="source\states\MainMenu.cpp">
      <Filter>Исходные файлы</Filter>
    </ClCompile>
    <ClCompile Include="source\core\math\models fractal\LSystem.cpp">
      <Filter>Исходные файлы</Filter>
    </ClCompile>
    <ClCompile Include="source\localisation\helperText.cpp">
      <Filter>Исходные файлы</Filter>
    </ClCompile>
    <ClCompile Include="source\GUI\components\button.cpp">
      <Filter>Исходные файлы</Filter>
    </ClCompile>
    <ClCompile Include="source\GUI\GUI_Component.cpp">
      <Filter>Исходные файлы</Filter>
    </ClCompile>
  </ItemGroup>
  <ItemGroup>
    <ClInclude Include="source\core\dataCollector\_keybind_enum.h">
      <Filter>Файлы заголовков</Filter>
    </ClInclude>
    <ClInclude Include="source\core\dataCollector\_man_graphics.hpp">
      <Filter>Файлы заголовков</Filter>
    </ClInclude>
    <ClInclude Include="source\core\dataCollector\_man_Texture.hpp">
      <Filter>Файлы заголовков</Filter>
    </ClInclude>
    <ClInclude Include="source\core\dataCollector\_man_Volume.hpp">
      <Filter>Файлы заголовков</Filter>
    </ClInclude>
    <ClInclude Include="source\core\tools\LOGGER.hpp">
      <Filter>Файлы заголовков</Filter>
    </ClInclude>
    <ClInclude Include="source\core\tools\MemoryUsageMonitor.hpp">
      <Filter>Файлы заголовков</Filter>
    </ClInclude>
    <ClInclude Include="source\core\tools\staticFPSMetter.hpp">
      <Filter>Файлы заголовков</Filter>
    </ClInclude>
    <ClInclude Include="source\core\_myConst.h">
      <Filter>Файлы заголовков</Filter>
    </ClInclude>
    <ClInclude Include="source\core\_myFiles.h">
      <Filter>Файлы заголовков</Filter>
    </ClInclude>
    <ClInclude Include="source\core\cmakever.h">
      <Filter>Файлы заголовков</Filter>
    </ClInclude>
    <ClInclude Include="source\core\Core.h">
      <Filter>Файлы заголовков</Filter>
    </ClInclude>
    <ClInclude Include="source\core\tools\path.hpp">
      <Filter>Файлы заголовков</Filter>
    </ClInclude>
    <ClInclude Include="source\core\pch.h">
      <Filter>Файлы заголовков</Filter>
    </ClInclude>
    <ClInclude Include="source\core\header.h">
      <Filter>Файлы заголовков</Filter>
    </ClInclude>
    <ClInclude Include="source\core\math\models noice\Noice_Simplex.hpp">
      <Filter>Файлы заголовков</Filter>
    </ClInclude>
    <ClInclude Include="source\core\math\models noice\Noice_Perlin.hpp">
      <Filter>Файлы заголовков</Filter>
    </ClInclude>
    <ClInclude Include="source\core\math\mymath.hpp">
      <Filter>Файлы заголовков</Filter>
    </ClInclude>
    <ClInclude Include="source\states\State.hpp">
      <Filter>Файлы заголовков</Filter>
    </ClInclude>
    <ClInclude Include="source\states\MainMenu.hpp">
      <Filter>Файлы заголовков</Filter>
    </ClInclude>
    <ClInclude Include="source\core\math\models fractal\LSystem.hpp">
      <Filter>Файлы заголовков</Filter>
    </ClInclude>
    <ClInclude Include="source\localisation\helperText.hpp">
      <Filter>Файлы заголовков</Filter>
    </ClInclude>
    <ClInclude Include="source\GUI\GUI_Component.hpp">
      <Filter>Файлы заголовков</Filter>
    </ClInclude>
    <ClInclude Include="source\GUI\components\button.hpp">
      <Filter>Файлы заголовков</Filter>
    </ClInclude>
  </ItemGroup>
  <ItemGroup>
    <None Include=".gitignore" />
    <None Include="license" />
    <None Include="Project1.slnx" />
    <None Include="README.md" />
    <None Include="metadata\cmakever.h.in" />
    <None Include="metadata\Info.plist" />
    <None Include="metadata\Info.plist.in" />
    <None Include="resouces\localisation\ENG.json" />
    <None Include="resouces\localisation\RUS.json" />
    <None Include="resouces\shaders\fragment.glsl" />
    <None Include="resouces\shaders\shdr_glitch.glsl" />
    <None Include="resouces\styles\styles.json" />
  </ItemGroup>
  <ItemGroup>
    <Image Include="ico.png">
      <Filter>Файлы ресурсов</Filter>
    </Image>
    <Image Include="metadata\ico.png">
      <Filter>Файлы ресурсов</Filter>
    </Image>
    <Image Include="resouces\sprites\Slime_01.png">
      <Filter>Файлы ресурсов</Filter>
    </Image>
    <Image Include="resouces\textures\gui\bag.png">
      <Filter>Файлы ресурсов</Filter>
    </Image>
    <Image Include="resouces\textures\gui\inv_cell_back.png">
      <Filter>Файлы ресурсов</Filter>
    </Image>
    <Image Include="resouces\textures\gui\item__rare.png">
      <Filter>Файлы ресурсов</Filter>
    </Image>
    <Image Include="resouces\textures\gui\item_common_rare.png">
      <Filter>Файлы ресурсов</Filter>
    </Image>
    <Image Include="resouces\textures\gui\Lay_1.png">
      <Filter>Файлы ресурсов</Filter>
    </Image>
    <Image Include="resouces\textures\gui\Lay_2.png">
      <Filter>Файлы ресурсов</Filter>
    </Image>
    <Image Include="resouces\textures\gui\Lay_3.png">
      <Filter>Файлы ресурсов</Filter>
    </Image>
    <Image Include="resouces\textures\items\coins\copper_nugget.png">
      <Filter>Файлы ресурсов</Filter>
    </Image>
    <Image Include="resouces\textures\items\coins\gold_nugget.png">
      <Filter>Файлы ресурсов</Filter>
    </Image>
    <Image Include="resouces\textures\items\coins\iron_nugget.png">
      <Filter>Файлы ресурсов</Filter>
    </Image>
    <Image Include="resouces\textures\items\item\crystal_01.png">
      <Filter>Файлы ресурсов</Filter>
    </Image>
    <Image Include="resouces\textures\items\item\stone_01.png">
      <Filter>Файлы ресурсов</Filter>
    </Image>
    <Image Include="resouces\textures\items\item\stone_02.png">
      <Filter>Файлы ресурсов</Filter>
    </Image>
    <Image Include="resouces\textures\tiles\deep_ocean.png">
      <Filter>Файлы ресурсов</Filter>
    </Image>
    <Image Include="resouces\textures\tiles\dirt.png">
      <Filter>Файлы ресурсов</Filter>
    </Image>
    <Image Include="resouces\textures\tiles\grass.png">
      <Filter>Файлы ресурсов</Filter>
    </Image>
    <Image Include="resouces\textures\tiles\ocean.png">
      <Filter>Файлы ресурсов</Filter>
    </Image>
    <Image Include="resouces\textures\tiles\sand.png">
      <Filter>Файлы ресурсов</Filter>
    </Image>
    <Image Include="resouces\textures\tiles\snow.png">
      <Filter>Файлы ресурсов</Filter>
    </Image>
    <Image Include="resouces\textures\tiles\stone.png">
      <Filter>Файлы ресурсов</Filter>
    </Image>
  </ItemGroup>
  <ItemGroup>
    <Font Include="resouces\fonts\712_serif.ttf" />
    <Font Include="resouces\fonts\Muli-Regular.ttf" />
    <Font Include="resouces\fonts\endor.ttf" />
    <Font Include="resouces\fonts\Blackwood Castle.ttf" />
    <Font Include="resouces\fonts\Alamak.ttf" />
  </ItemGroup>
  <ItemGroup>
    <Media Include="resouces\sounds\music\music_01.wav">
      <Filter>Файлы ресурсов</Filter>
    </Media>
    <Media Include="resouces\sounds\sfx\press_btn_01.wav">
      <Filter>Файлы ресурсов</Filter>
    </Media>
    <Media Include="resouces\sounds\sfx\press_ng_01.wav">
      <Filter>Файлы ресурсов</Filter>
    </Media>
    <Media Include="resouces\sounds\sfx\selbtn_01.wav">
      <Filter>Файлы ресурсов</Filter>
    </Media>
  </ItemGroup>
</Project>